
Microsoft Visual Studio Solution File, Format Version 12.00
# Visual Studio Version 16
VisualStudioVersion = 16.0.31005.135
MinimumVisualStudioVersion = 10.0.40219.1
Project("{9A19103F-16F7-4668-BE54-9A1E7A4F7556}") = "Library1", "Library1.csproj", "{FC8626AA-7B79-4CB2-97B3-BE8BBAE96692}"
EndProject
Project("{9A19103F-16F7-4668-BE54-9A1E7A4F7556}") = "LibraryClient", "..\LibraryClient\LibraryClient.csproj", "{A4F885F6-80DE-410A-83D7-66B11CC42B54}"
EndProject
Project("{9A19103F-16F7-4668-BE54-9A1E7A4F7556}") = "LibraryUtils", "..\LibraryUtils\LibraryUtils.csproj", "{4BD4EA20-52BC-4E50-95DB-A883B518F3C6}"
EndProject
Project("{9A19103F-16F7-4668-BE54-9A1E7A4F7556}") = "CmdPoly", "..\CmdPoly\CmdPoly.csproj", "{D2E6F2A1-A814-4E43-94C0-1DE908E5BE6C}"
EndProject
Project("{9A19103F-16F7-4668-BE54-9A1E7A4F7556}") = "AppRH", "..\AppRH\AppRH.csproj", "{EB1152FE-1193-4D2D-BAD4-6F37592BD22C}"
EndProject
Project("{9A19103F-16F7-4668-BE54-9A1E7A4F7556}") = "LibraryRH", "..\LibraryRH\LibraryRH.csproj", "{FED3D8B4-9694-43FF-84E0-2A0D478F03CD}"
EndProject
Project("{9A19103F-16F7-4668-BE54-9A1E7A4F7556}") = "Drawing", "..\WinFormsApp1\Drawing.csproj", "{F4A36E3B-37E8-4C0A-AF49-A319B6262E33}"
EndProject
Global
	GlobalSection(SolutionConfigurationPlatforms) = preSolution
		Debug|Any CPU = Debug|Any CPU
		Release|Any CPU = Release|Any CPU
	EndGlobalSection
	GlobalSection(ProjectConfigurationPlatforms) = postSolution
		{FC8626AA-7B79-4CB2-97B3-BE8BBAE96692}.Debug|Any CPU.ActiveCfg = Debug|Any CPU
		{FC8626AA-7B79-4CB2-97B3-BE8BBAE96692}.Debug|Any CPU.Build.0 = Debug|Any CPU
		{FC8626AA-7B79-4CB2-97B3-BE8BBAE96692}.Release|Any CPU.ActiveCfg = Release|Any CPU
		{FC8626AA-7B79-4CB2-97B3-BE8BBAE96692}.Release|Any CPU.Build.0 = Release|Any CPU
		{A4F885F6-80DE-410A-83D7-66B11CC42B54}.Debug|Any CPU.ActiveCfg = Debug|Any CPU
		{A4F885F6-80DE-410A-83D7-66B11CC42B54}.Debug|Any CPU.Build.0 = Debug|Any CPU
		{A4F885F6-80DE-410A-83D7-66B11CC42B54}.Release|Any CPU.ActiveCfg = Release|Any CPU
		{A4F885F6-80DE-410A-83D7-66B11CC42B54}.Release|Any CPU.Build.0 = Release|Any CPU
		{4BD4EA20-52BC-4E50-95DB-A883B518F3C6}.Debug|Any CPU.ActiveCfg = Debug|Any CPU
		{4BD4EA20-52BC-4E50-95DB-A883B518F3C6}.Debug|Any CPU.Build.0 = Debug|Any CPU
		{4BD4EA20-52BC-4E50-95DB-A883B518F3C6}.Release|Any CPU.ActiveCfg = Release|Any CPU
		{4BD4EA20-52BC-4E50-95DB-A883B518F3C6}.Release|Any CPU.Build.0 = Release|Any CPU
		{D2E6F2A1-A814-4E43-94C0-1DE908E5BE6C}.Debug|Any CPU.ActiveCfg = Debug|Any CPU
		{D2E6F2A1-A814-4E43-94C0-1DE908E5BE6C}.Debug|Any CPU.Build.0 = Debug|Any CPU
		{D2E6F2A1-A814-4E43-94C0-1DE908E5BE6C}.Release|Any CPU.ActiveCfg = Release|Any CPU
		{D2E6F2A1-A814-4E43-94C0-1DE908E5BE6C}.Release|Any CPU.Build.0 = Release|Any CPU
		{EB1152FE-1193-4D2D-BAD4-6F37592BD22C}.Debug|Any CPU.ActiveCfg = Debug|Any CPU
		{EB1152FE-1193-4D2D-BAD4-6F37592BD22C}.Debug|Any CPU.Build.0 = Debug|Any CPU
		{EB1152FE-1193-4D2D-BAD4-6F37592BD22C}.Release|Any CPU.ActiveCfg = Release|Any CPU
		{EB1152FE-1193-4D2D-BAD4-6F37592BD22C}.Release|Any CPU.Build.0 = Release|Any CPU
		{FED3D8B4-9694-43FF-84E0-2A0D478F03CD}.Debug|Any CPU.ActiveCfg = Debug|Any CPU
		{FED3D8B4-9694-43FF-84E0-2A0D478F03CD}.Debug|Any CPU.Build.0 = Debug|Any CPU
		{FED3D8B4-9694-43FF-84E0-2A0D478F03CD}.Release|Any CPU.ActiveCfg = Release|Any CPU
		{FED3D8B4-9694-43FF-84E0-2A0D478F03CD}.Release|Any CPU.Build.0 = Release|Any CPU
		{F4A36E3B-37E8-4C0A-AF49-A319B6262E33}.Debug|Any CPU.ActiveCfg = Debug|Any CPU
		{F4A36E3B-37E8-4C0A-AF49-A319B6262E33}.Debug|Any CPU.Build.0 = Debug|Any CPU
		{F4A36E3B-37E8-4C0A-AF49-A319B6262E33}.Release|Any CPU.ActiveCfg = Release|Any CPU
		{F4A36E3B-37E8-4C0A-AF49-A319B6262E33}.Release|Any CPU.Build.0 = Release|Any CPU
	EndGlobalSection
	GlobalSection(SolutionProperties) = preSolution
		HideSolutionNode = FALSE
	EndGlobalSection
	GlobalSection(ExtensibilityGlobals) = postSolution
		SolutionGuid = {E9F81A7B-5C65-426C-889B-A393925A625C}
	EndGlobalSection
EndGlobal
